
Microsoft Visual Studio Solution File, Format Version 12.00
# Visual Studio Version 16
VisualStudioVersion = 16.0.30330.147
MinimumVisualStudioVersion = 15.0.26124.0
Project("{9A19103F-16F7-4668-BE54-9A1E7A4F7556}") = "calculator.console", "calculator.console\calculator.console.csproj", "{CF7CA9EE-F222-47AC-A621-44F73E1DBE10}"
EndProject
Project("{2150E333-8FDC-42A3-9474-1A3956D46DE8}") = "xamarin", "xamarin", "{15D549BD-15BC-4B46-8777-A56DB8B5710E}"
EndProject
Project("{FAE04EC0-301F-11D3-BF4B-00C04F79EFBC}") = "calculator.droid", "calculator.droid\calculator.droid.csproj", "{415A461C-6F6E-4A05-AD90-9C205123DD6C}"
EndProject
Project("{FAE04EC0-301F-11D3-BF4B-00C04F79EFBC}") = "calculator.ios", "calculator.ios\calculator.ios.csproj", "{BC4BD420-D96F-41A0-A7AB-09A0E8BDA0BB}"
EndProject
Project("{9A19103F-16F7-4668-BE54-9A1E7A4F7556}") = "calculator.core", "calculator.core\calculator.core.csproj", "{0FD9DC57-357D-4E98-B15A-476E9B8E1DD7}"
EndProject
Project("{2150E333-8FDC-42A3-9474-1A3956D46DE8}") = "xamarin.forms", "xamarin.forms", "{2203346F-2CDC-4DD3-9DD1-DD869FF41E8D}"
EndProject
Project("{FAE04EC0-301F-11D3-BF4B-00C04F79EFBC}") = "calculator.forms.Android", "calculator.forms.Android\calculator.forms.Android.csproj", "{45686C02-F2C7-4AD0-8261-0988AC4F5808}"
EndProject
Project("{FAE04EC0-301F-11D3-BF4B-00C04F79EFBC}") = "calculator.forms.iOS", "calculator.forms.iOS\calculator.forms.iOS.csproj", "{4407754F-24E5-4597-96D3-27702F18340C}"
EndProject
Project("{9A19103F-16F7-4668-BE54-9A1E7A4F7556}") = "calculator.forms", "calculator.forms\calculator.forms.csproj", "{7A533156-7579-4F54-BDAD-DA1A829B6CCF}"
EndProject
Project("{FAE04EC0-301F-11D3-BF4B-00C04F79EFBC}") = "calculator.forms.uwp", "calculator.forms.uwp\calculator.forms.uwp.csproj", "{FA55989D-27B7-4EBA-A8BE-178AE4EA97CB}"
EndProject
Global
	GlobalSection(SolutionConfigurationPlatforms) = preSolution
		Debug|Any CPU = Debug|Any CPU
		Debug|ARM = Debug|ARM
		Debug|ARM64 = Debug|ARM64
		Debug|iPhone = Debug|iPhone
		Debug|iPhoneSimulator = Debug|iPhoneSimulator
		Debug|x64 = Debug|x64
		Debug|x86 = Debug|x86
		Release|Any CPU = Release|Any CPU
		Release|ARM = Release|ARM
		Release|ARM64 = Release|ARM64
		Release|iPhone = Release|iPhone
		Release|iPhoneSimulator = Release|iPhoneSimulator
		Release|x64 = Release|x64
		Release|x86 = Release|x86
	EndGlobalSection
	GlobalSection(ProjectConfigurationPlatforms) = postSolution
		{CF7CA9EE-F222-47AC-A621-44F73E1DBE10}.Debug|Any CPU.ActiveCfg = Debug|Any CPU
		{CF7CA9EE-F222-47AC-A621-44F73E1DBE10}.Debug|Any CPU.Build.0 = Debug|Any CPU
		{CF7CA9EE-F222-47AC-A621-44F73E1DBE10}.Debug|ARM.ActiveCfg = Debug|Any CPU
		{CF7CA9EE-F222-47AC-A621-44F73E1DBE10}.Debug|ARM.Build.0 = Debug|Any CPU
		{CF7CA9EE-F222-47AC-A621-44F73E1DBE10}.Debug|ARM64.ActiveCfg = Debug|Any CPU
		{CF7CA9EE-F222-47AC-A621-44F73E1DBE10}.Debug|ARM64.Build.0 = Debug|Any CPU
		{CF7CA9EE-F222-47AC-A621-44F73E1DBE10}.Debug|iPhone.ActiveCfg = Debug|Any CPU
		{CF7CA9EE-F222-47AC-A621-44F73E1DBE10}.Debug|iPhone.Build.0 = Debug|Any CPU
		{CF7CA9EE-F222-47AC-A621-44F73E1DBE10}.Debug|iPhoneSimulator.ActiveCfg = Debug|Any CPU
		{CF7CA9EE-F222-47AC-A621-44F73E1DBE10}.Debug|iPhoneSimulator.Build.0 = Debug|Any CPU
		{CF7CA9EE-F222-47AC-A621-44F73E1DBE10}.Debug|x64.ActiveCfg = Debug|Any CPU
		{CF7CA9EE-F222-47AC-A621-44F73E1DBE10}.Debug|x64.Build.0 = Debug|Any CPU
		{CF7CA9EE-F222-47AC-A621-44F73E1DBE10}.Debug|x86.ActiveCfg = Debug|Any CPU
		{CF7CA9EE-F222-47AC-A621-44F73E1DBE10}.Debug|x86.Build.0 = Debug|Any CPU
		{CF7CA9EE-F222-47AC-A621-44F73E1DBE10}.Release|Any CPU.ActiveCfg = Release|Any CPU
		{CF7CA9EE-F222-47AC-A621-44F73E1DBE10}.Release|Any CPU.Build.0 = Release|Any CPU
		{CF7CA9EE-F222-47AC-A621-44F73E1DBE10}.Release|ARM.ActiveCfg = Release|Any CPU
		{CF7CA9EE-F222-47AC-A621-44F73E1DBE10}.Release|ARM.Build.0 = Release|Any CPU
		{CF7CA9EE-F222-47AC-A621-44F73E1DBE10}.Release|ARM64.ActiveCfg = Release|Any CPU
		{CF7CA9EE-F222-47AC-A621-44F73E1DBE10}.Release|ARM64.Build.0 = Release|Any CPU
		{CF7CA9EE-F222-47AC-A621-44F73E1DBE10}.Release|iPhone.ActiveCfg = Release|Any CPU
		{CF7CA9EE-F222-47AC-A621-44F73E1DBE10}.Release|iPhone.Build.0 = Release|Any CPU
		{CF7CA9EE-F222-47AC-A621-44F73E1DBE10}.Release|iPhoneSimulator.ActiveCfg = Release|Any CPU
		{CF7CA9EE-F222-47AC-A621-44F73E1DBE10}.Release|iPhoneSimulator.Build.0 = Release|Any CPU
		{CF7CA9EE-F222-47AC-A621-44F73E1DBE10}.Release|x64.ActiveCfg = Release|Any CPU
		{CF7CA9EE-F222-47AC-A621-44F73E1DBE10}.Release|x64.Build.0 = Release|Any CPU
		{CF7CA9EE-F222-47AC-A621-44F73E1DBE10}.Release|x86.ActiveCfg = Release|Any CPU
		{CF7CA9EE-F222-47AC-A621-44F73E1DBE10}.Release|x86.Build.0 = Release|Any CPU
		{415A461C-6F6E-4A05-AD90-9C205123DD6C}.Debug|Any CPU.ActiveCfg = Debug|Any CPU
		{415A461C-6F6E-4A05-AD90-9C205123DD6C}.Debug|Any CPU.Build.0 = Debug|Any CPU
		{415A461C-6F6E-4A05-AD90-9C205123DD6C}.Debug|Any CPU.Deploy.0 = Debug|Any CPU
		{415A461C-6F6E-4A05-AD90-9C205123DD6C}.Debug|ARM.ActiveCfg = Debug|Any CPU
		{415A461C-6F6E-4A05-AD90-9C205123DD6C}.Debug|ARM.Build.0 = Debug|Any CPU
		{415A461C-6F6E-4A05-AD90-9C205123DD6C}.Debug|ARM.Deploy.0 = Debug|Any CPU
		{415A461C-6F6E-4A05-AD90-9C205123DD6C}.Debug|ARM64.ActiveCfg = Debug|Any CPU
		{415A461C-6F6E-4A05-AD90-9C205123DD6C}.Debug|ARM64.Build.0 = Debug|Any CPU
		{415A461C-6F6E-4A05-AD90-9C205123DD6C}.Debug|ARM64.Deploy.0 = Debug|Any CPU
		{415A461C-6F6E-4A05-AD90-9C205123DD6C}.Debug|iPhone.ActiveCfg = Debug|Any CPU
		{415A461C-6F6E-4A05-AD90-9C205123DD6C}.Debug|iPhone.Build.0 = Debug|Any CPU
		{415A461C-6F6E-4A05-AD90-9C205123DD6C}.Debug|iPhoneSimulator.ActiveCfg = Debug|Any CPU
		{415A461C-6F6E-4A05-AD90-9C205123DD6C}.Debug|iPhoneSimulator.Build.0 = Debug|Any CPU
		{415A461C-6F6E-4A05-AD90-9C205123DD6C}.Debug|x64.ActiveCfg = Debug|Any CPU
		{415A461C-6F6E-4A05-AD90-9C205123DD6C}.Debug|x64.Build.0 = Debug|Any CPU
		{415A461C-6F6E-4A05-AD90-9C205123DD6C}.Debug|x64.Deploy.0 = Debug|Any CPU
		{415A461C-6F6E-4A05-AD90-9C205123DD6C}.Debug|x86.ActiveCfg = Debug|Any CPU
		{415A461C-6F6E-4A05-AD90-9C205123DD6C}.Debug|x86.Build.0 = Debug|Any CPU
		{415A461C-6F6E-4A05-AD90-9C205123DD6C}.Debug|x86.Deploy.0 = Debug|Any CPU
		{415A461C-6F6E-4A05-AD90-9C205123DD6C}.Release|Any CPU.ActiveCfg = Release|Any CPU
		{415A461C-6F6E-4A05-AD90-9C205123DD6C}.Release|Any CPU.Build.0 = Release|Any CPU
		{415A461C-6F6E-4A05-AD90-9C205123DD6C}.Release|Any CPU.Deploy.0 = Release|Any CPU
		{415A461C-6F6E-4A05-AD90-9C205123DD6C}.Release|ARM.ActiveCfg = Release|Any CPU
		{415A461C-6F6E-4A05-AD90-9C205123DD6C}.Release|ARM.Build.0 = Release|Any CPU
		{415A461C-6F6E-4A05-AD90-9C205123DD6C}.Release|ARM.Deploy.0 = Release|Any CPU
		{415A461C-6F6E-4A05-AD90-9C205123DD6C}.Release|ARM64.ActiveCfg = Release|Any CPU
		{415A461C-6F6E-4A05-AD90-9C205123DD6C}.Release|ARM64.Build.0 = Release|Any CPU
		{415A461C-6F6E-4A05-AD90-9C205123DD6C}.Release|ARM64.Deploy.0 = Release|Any CPU
		{415A461C-6F6E-4A05-AD90-9C205123DD6C}.Release|iPhone.ActiveCfg = Release|Any CPU
		{415A461C-6F6E-4A05-AD90-9C205123DD6C}.Release|iPhone.Build.0 = Release|Any CPU
		{415A461C-6F6E-4A05-AD90-9C205123DD6C}.Release|iPhoneSimulator.ActiveCfg = Release|Any CPU
		{415A461C-6F6E-4A05-AD90-9C205123DD6C}.Release|iPhoneSimulator.Build.0 = Release|Any CPU
		{415A461C-6F6E-4A05-AD90-9C205123DD6C}.Release|x64.ActiveCfg = Release|Any CPU
		{415A461C-6F6E-4A05-AD90-9C205123DD6C}.Release|x64.Build.0 = Release|Any CPU
		{415A461C-6F6E-4A05-AD90-9C205123DD6C}.Release|x64.Deploy.0 = Release|Any CPU
		{415A461C-6F6E-4A05-AD90-9C205123DD6C}.Release|x86.ActiveCfg = Release|Any CPU
		{415A461C-6F6E-4A05-AD90-9C205123DD6C}.Release|x86.Build.0 = Release|Any CPU
		{415A461C-6F6E-4A05-AD90-9C205123DD6C}.Release|x86.Deploy.0 = Release|Any CPU
		{BC4BD420-D96F-41A0-A7AB-09A0E8BDA0BB}.Debug|Any CPU.ActiveCfg = Debug|iPhoneSimulator
		{BC4BD420-D96F-41A0-A7AB-09A0E8BDA0BB}.Debug|Any CPU.Build.0 = Debug|iPhoneSimulator
		{BC4BD420-D96F-41A0-A7AB-09A0E8BDA0BB}.Debug|ARM.ActiveCfg = Debug|iPhone
		{BC4BD420-D96F-41A0-A7AB-09A0E8BDA0BB}.Debug|ARM64.ActiveCfg = Debug|iPhone
		{BC4BD420-D96F-41A0-A7AB-09A0E8BDA0BB}.Debug|iPhone.ActiveCfg = Debug|iPhone
		{BC4BD420-D96F-41A0-A7AB-09A0E8BDA0BB}.Debug|iPhone.Build.0 = Debug|iPhone
		{BC4BD420-D96F-41A0-A7AB-09A0E8BDA0BB}.Debug|iPhoneSimulator.ActiveCfg = Debug|iPhoneSimulator
		{BC4BD420-D96F-41A0-A7AB-09A0E8BDA0BB}.Debug|iPhoneSimulator.Build.0 = Debug|iPhoneSimulator
		{BC4BD420-D96F-41A0-A7AB-09A0E8BDA0BB}.Debug|x64.ActiveCfg = Debug|iPhoneSimulator
		{BC4BD420-D96F-41A0-A7AB-09A0E8BDA0BB}.Debug|x64.Build.0 = Debug|iPhoneSimulator
		{BC4BD420-D96F-41A0-A7AB-09A0E8BDA0BB}.Debug|x86.ActiveCfg = Debug|iPhoneSimulator
		{BC4BD420-D96F-41A0-A7AB-09A0E8BDA0BB}.Debug|x86.Build.0 = Debug|iPhoneSimulator
		{BC4BD420-D96F-41A0-A7AB-09A0E8BDA0BB}.Release|Any CPU.ActiveCfg = Release|iPhoneSimulator
		{BC4BD420-D96F-41A0-A7AB-09A0E8BDA0BB}.Release|Any CPU.Build.0 = Release|iPhoneSimulator
		{BC4BD420-D96F-41A0-A7AB-09A0E8BDA0BB}.Release|ARM.ActiveCfg = Release|iPhone
		{BC4BD420-D96F-41A0-A7AB-09A0E8BDA0BB}.Release|ARM64.ActiveCfg = Release|iPhone
		{BC4BD420-D96F-41A0-A7AB-09A0E8BDA0BB}.Release|iPhone.ActiveCfg = Release|iPhone
		{BC4BD420-D96F-41A0-A7AB-09A0E8BDA0BB}.Release|iPhone.Build.0 = Release|iPhone
		{BC4BD420-D96F-41A0-A7AB-09A0E8BDA0BB}.Release|iPhoneSimulator.ActiveCfg = Release|iPhoneSimulator
		{BC4BD420-D96F-41A0-A7AB-09A0E8BDA0BB}.Release|iPhoneSimulator.Build.0 = Release|iPhoneSimulator
		{BC4BD420-D96F-41A0-A7AB-09A0E8BDA0BB}.Release|x64.ActiveCfg = Release|iPhoneSimulator
		{BC4BD420-D96F-41A0-A7AB-09A0E8BDA0BB}.Release|x64.Build.0 = Release|iPhoneSimulator
		{BC4BD420-D96F-41A0-A7AB-09A0E8BDA0BB}.Release|x86.ActiveCfg = Release|iPhoneSimulator
		{BC4BD420-D96F-41A0-A7AB-09A0E8BDA0BB}.Release|x86.Build.0 = Release|iPhoneSimulator
		{0FD9DC57-357D-4E98-B15A-476E9B8E1DD7}.Debug|Any CPU.ActiveCfg = Debug|Any CPU
		{0FD9DC57-357D-4E98-B15A-476E9B8E1DD7}.Debug|Any CPU.Build.0 = Debug|Any CPU
		{0FD9DC57-357D-4E98-B15A-476E9B8E1DD7}.Debug|ARM.ActiveCfg = Debug|Any CPU
		{0FD9DC57-357D-4E98-B15A-476E9B8E1DD7}.Debug|ARM.Build.0 = Debug|Any CPU
		{0FD9DC57-357D-4E98-B15A-476E9B8E1DD7}.Debug|ARM64.ActiveCfg = Debug|Any CPU
		{0FD9DC57-357D-4E98-B15A-476E9B8E1DD7}.Debug|ARM64.Build.0 = Debug|Any CPU
		{0FD9DC57-357D-4E98-B15A-476E9B8E1DD7}.Debug|iPhone.ActiveCfg = Debug|Any CPU
		{0FD9DC57-357D-4E98-B15A-476E9B8E1DD7}.Debug|iPhone.Build.0 = Debug|Any CPU
		{0FD9DC57-357D-4E98-B15A-476E9B8E1DD7}.Debug|iPhoneSimulator.ActiveCfg = Debug|Any CPU
		{0FD9DC57-357D-4E98-B15A-476E9B8E1DD7}.Debug|iPhoneSimulator.Build.0 = Debug|Any CPU
		{0FD9DC57-357D-4E98-B15A-476E9B8E1DD7}.Debug|x64.ActiveCfg = Debug|Any CPU
		{0FD9DC57-357D-4E98-B15A-476E9B8E1DD7}.Debug|x64.Build.0 = Debug|Any CPU
		{0FD9DC57-357D-4E98-B15A-476E9B8E1DD7}.Debug|x86.ActiveCfg = Debug|Any CPU
		{0FD9DC57-357D-4E98-B15A-476E9B8E1DD7}.Debug|x86.Build.0 = Debug|Any CPU
		{0FD9DC57-357D-4E98-B15A-476E9B8E1DD7}.Release|Any CPU.ActiveCfg = Release|Any CPU
		{0FD9DC57-357D-4E98-B15A-476E9B8E1DD7}.Release|Any CPU.Build.0 = Release|Any CPU
		{0FD9DC57-357D-4E98-B15A-476E9B8E1DD7}.Release|ARM.ActiveCfg = Release|Any CPU
		{0FD9DC57-357D-4E98-B15A-476E9B8E1DD7}.Release|ARM.Build.0 = Release|Any CPU
		{0FD9DC57-357D-4E98-B15A-476E9B8E1DD7}.Release|ARM64.ActiveCfg = Release|Any CPU
		{0FD9DC57-357D-4E98-B15A-476E9B8E1DD7}.Release|ARM64.Build.0 = Release|Any CPU
		{0FD9DC57-357D-4E98-B15A-476E9B8E1DD7}.Release|iPhone.ActiveCfg = Release|Any CPU
		{0FD9DC57-357D-4E98-B15A-476E9B8E1DD7}.Release|iPhone.Build.0 = Release|Any CPU
		{0FD9DC57-357D-4E98-B15A-476E9B8E1DD7}.Release|iPhoneSimulator.ActiveCfg = Release|Any CPU
		{0FD9DC57-357D-4E98-B15A-476E9B8E1DD7}.Release|iPhoneSimulator.Build.0 = Release|Any CPU
		{0FD9DC57-357D-4E98-B15A-476E9B8E1DD7}.Release|x64.ActiveCfg = Release|Any CPU
		{0FD9DC57-357D-4E98-B15A-476E9B8E1DD7}.Release|x64.Build.0 = Release|Any CPU
		{0FD9DC57-357D-4E98-B15A-476E9B8E1DD7}.Release|x86.ActiveCfg = Release|Any CPU
		{0FD9DC57-357D-4E98-B15A-476E9B8E1DD7}.Release|x86.Build.0 = Release|Any CPU
		{45686C02-F2C7-4AD0-8261-0988AC4F5808}.Debug|Any CPU.ActiveCfg = Debug|Any CPU
		{45686C02-F2C7-4AD0-8261-0988AC4F5808}.Debug|Any CPU.Build.0 = Debug|Any CPU
		{45686C02-F2C7-4AD0-8261-0988AC4F5808}.Debug|ARM.ActiveCfg = Debug|Any CPU
		{45686C02-F2C7-4AD0-8261-0988AC4F5808}.Debug|ARM.Build.0 = Debug|Any CPU
		{45686C02-F2C7-4AD0-8261-0988AC4F5808}.Debug|ARM.Deploy.0 = Debug|Any CPU
		{45686C02-F2C7-4AD0-8261-0988AC4F5808}.Debug|ARM64.ActiveCfg = Debug|Any CPU
		{45686C02-F2C7-4AD0-8261-0988AC4F5808}.Debug|ARM64.Build.0 = Debug|Any CPU
		{45686C02-F2C7-4AD0-8261-0988AC4F5808}.Debug|ARM64.Deploy.0 = Debug|Any CPU
		{45686C02-F2C7-4AD0-8261-0988AC4F5808}.Debug|iPhone.ActiveCfg = Debug|Any CPU
		{45686C02-F2C7-4AD0-8261-0988AC4F5808}.Debug|iPhone.Build.0 = Debug|Any CPU
		{45686C02-F2C7-4AD0-8261-0988AC4F5808}.Debug|iPhoneSimulator.ActiveCfg = Debug|Any CPU
		{45686C02-F2C7-4AD0-8261-0988AC4F5808}.Debug|iPhoneSimulator.Build.0 = Debug|Any CPU
		{45686C02-F2C7-4AD0-8261-0988AC4F5808}.Debug|x64.ActiveCfg = Debug|Any CPU
		{45686C02-F2C7-4AD0-8261-0988AC4F5808}.Debug|x64.Build.0 = Debug|Any CPU
		{45686C02-F2C7-4AD0-8261-0988AC4F5808}.Debug|x86.ActiveCfg = Debug|Any CPU
		{45686C02-F2C7-4AD0-8261-0988AC4F5808}.Debug|x86.Build.0 = Debug|Any CPU
		{45686C02-F2C7-4AD0-8261-0988AC4F5808}.Release|Any CPU.ActiveCfg = Release|Any CPU
		{45686C02-F2C7-4AD0-8261-0988AC4F5808}.Release|Any CPU.Build.0 = Release|Any CPU
		{45686C02-F2C7-4AD0-8261-0988AC4F5808}.Release|ARM.ActiveCfg = Release|Any CPU
		{45686C02-F2C7-4AD0-8261-0988AC4F5808}.Release|ARM.Build.0 = Release|Any CPU
		{45686C02-F2C7-4AD0-8261-0988AC4F5808}.Release|ARM.Deploy.0 = Release|Any CPU
		{45686C02-F2C7-4AD0-8261-0988AC4F5808}.Release|ARM64.ActiveCfg = Release|Any CPU
		{45686C02-F2C7-4AD0-8261-0988AC4F5808}.Release|ARM64.Build.0 = Release|Any CPU
		{45686C02-F2C7-4AD0-8261-0988AC4F5808}.Release|ARM64.Deploy.0 = Release|Any CPU
		{45686C02-F2C7-4AD0-8261-0988AC4F5808}.Release|iPhone.ActiveCfg = Release|Any CPU
		{45686C02-F2C7-4AD0-8261-0988AC4F5808}.Release|iPhone.Build.0 = Release|Any CPU
		{45686C02-F2C7-4AD0-8261-0988AC4F5808}.Release|iPhoneSimulator.ActiveCfg = Release|Any CPU
		{45686C02-F2C7-4AD0-8261-0988AC4F5808}.Release|iPhoneSimulator.Build.0 = Release|Any CPU
		{45686C02-F2C7-4AD0-8261-0988AC4F5808}.Release|x64.ActiveCfg = Release|Any CPU
		{45686C02-F2C7-4AD0-8261-0988AC4F5808}.Release|x64.Build.0 = Release|Any CPU
		{45686C02-F2C7-4AD0-8261-0988AC4F5808}.Release|x86.ActiveCfg = Release|Any CPU
		{45686C02-F2C7-4AD0-8261-0988AC4F5808}.Release|x86.Build.0 = Release|Any CPU
		{4407754F-24E5-4597-96D3-27702F18340C}.Debug|Any CPU.ActiveCfg = Debug|iPhoneSimulator
		{4407754F-24E5-4597-96D3-27702F18340C}.Debug|Any CPU.Build.0 = Debug|iPhoneSimulator
		{4407754F-24E5-4597-96D3-27702F18340C}.Debug|ARM.ActiveCfg = Debug|iPhone
		{4407754F-24E5-4597-96D3-27702F18340C}.Debug|ARM64.ActiveCfg = Debug|iPhone
		{4407754F-24E5-4597-96D3-27702F18340C}.Debug|iPhone.ActiveCfg = Debug|iPhone
		{4407754F-24E5-4597-96D3-27702F18340C}.Debug|iPhone.Build.0 = Debug|iPhone
		{4407754F-24E5-4597-96D3-27702F18340C}.Debug|iPhoneSimulator.ActiveCfg = Debug|iPhoneSimulator
		{4407754F-24E5-4597-96D3-27702F18340C}.Debug|iPhoneSimulator.Build.0 = Debug|iPhoneSimulator
		{4407754F-24E5-4597-96D3-27702F18340C}.Debug|x64.ActiveCfg = Debug|iPhoneSimulator
		{4407754F-24E5-4597-96D3-27702F18340C}.Debug|x64.Build.0 = Debug|iPhoneSimulator
		{4407754F-24E5-4597-96D3-27702F18340C}.Debug|x86.ActiveCfg = Debug|iPhoneSimulator
		{4407754F-24E5-4597-96D3-27702F18340C}.Debug|x86.Build.0 = Debug|iPhoneSimulator
		{4407754F-24E5-4597-96D3-27702F18340C}.Release|Any CPU.ActiveCfg = Release|iPhoneSimulator
		{4407754F-24E5-4597-96D3-27702F18340C}.Release|Any CPU.Build.0 = Release|iPhoneSimulator
		{4407754F-24E5-4597-96D3-27702F18340C}.Release|ARM.ActiveCfg = Release|iPhone
		{4407754F-24E5-4597-96D3-27702F18340C}.Release|ARM64.ActiveCfg = Release|iPhone
		{4407754F-24E5-4597-96D3-27702F18340C}.Release|iPhone.ActiveCfg = Release|iPhone
		{4407754F-24E5-4597-96D3-27702F18340C}.Release|iPhone.Build.0 = Release|iPhone
		{4407754F-24E5-4597-96D3-27702F18340C}.Release|iPhoneSimulator.ActiveCfg = Release|iPhoneSimulator
		{4407754F-24E5-4597-96D3-27702F18340C}.Release|iPhoneSimulator.Build.0 = Release|iPhoneSimulator
		{4407754F-24E5-4597-96D3-27702F18340C}.Release|x64.ActiveCfg = Release|iPhoneSimulator
		{4407754F-24E5-4597-96D3-27702F18340C}.Release|x64.Build.0 = Release|iPhoneSimulator
		{4407754F-24E5-4597-96D3-27702F18340C}.Release|x86.ActiveCfg = Release|iPhoneSimulator
		{4407754F-24E5-4597-96D3-27702F18340C}.Release|x86.Build.0 = Release|iPhoneSimulator
		{7A533156-7579-4F54-BDAD-DA1A829B6CCF}.Debug|Any CPU.ActiveCfg = Debug|Any CPU
		{7A533156-7579-4F54-BDAD-DA1A829B6CCF}.Debug|Any CPU.Build.0 = Debug|Any CPU
		{7A533156-7579-4F54-BDAD-DA1A829B6CCF}.Debug|ARM.ActiveCfg = Debug|Any CPU
		{7A533156-7579-4F54-BDAD-DA1A829B6CCF}.Debug|ARM.Build.0 = Debug|Any CPU
		{7A533156-7579-4F54-BDAD-DA1A829B6CCF}.Debug|ARM64.ActiveCfg = Debug|Any CPU
		{7A533156-7579-4F54-BDAD-DA1A829B6CCF}.Debug|ARM64.Build.0 = Debug|Any CPU
		{7A533156-7579-4F54-BDAD-DA1A829B6CCF}.Debug|iPhone.ActiveCfg = Debug|Any CPU
		{7A533156-7579-4F54-BDAD-DA1A829B6CCF}.Debug|iPhone.Build.0 = Debug|Any CPU
		{7A533156-7579-4F54-BDAD-DA1A829B6CCF}.Debug|iPhoneSimulator.ActiveCfg = Debug|Any CPU
		{7A533156-7579-4F54-BDAD-DA1A829B6CCF}.Debug|iPhoneSimulator.Build.0 = Debug|Any CPU
		{7A533156-7579-4F54-BDAD-DA1A829B6CCF}.Debug|x64.ActiveCfg = Debug|Any CPU
		{7A533156-7579-4F54-BDAD-DA1A829B6CCF}.Debug|x64.Build.0 = Debug|Any CPU
		{7A533156-7579-4F54-BDAD-DA1A829B6CCF}.Debug|x86.ActiveCfg = Debug|Any CPU
		{7A533156-7579-4F54-BDAD-DA1A829B6CCF}.Debug|x86.Build.0 = Debug|Any CPU
		{7A533156-7579-4F54-BDAD-DA1A829B6CCF}.Release|Any CPU.ActiveCfg = Release|Any CPU
		{7A533156-7579-4F54-BDAD-DA1A829B6CCF}.Release|Any CPU.Build.0 = Release|Any CPU
		{7A533156-7579-4F54-BDAD-DA1A829B6CCF}.Release|ARM.ActiveCfg = Release|Any CPU
		{7A533156-7579-4F54-BDAD-DA1A829B6CCF}.Release|ARM.Build.0 = Release|Any CPU
		{7A533156-7579-4F54-BDAD-DA1A829B6CCF}.Release|ARM64.ActiveCfg = Release|Any CPU
		{7A533156-7579-4F54-BDAD-DA1A829B6CCF}.Release|ARM64.Build.0 = Release|Any CPU
		{7A533156-7579-4F54-BDAD-DA1A829B6CCF}.Release|iPhone.ActiveCfg = Release|Any CPU
		{7A533156-7579-4F54-BDAD-DA1A829B6CCF}.Release|iPhone.Build.0 = Release|Any CPU
		{7A533156-7579-4F54-BDAD-DA1A829B6CCF}.Release|iPhoneSimulator.ActiveCfg = Release|Any CPU
		{7A533156-7579-4F54-BDAD-DA1A829B6CCF}.Release|iPhoneSimulator.Build.0 = Release|Any CPU
		{7A533156-7579-4F54-BDAD-DA1A829B6CCF}.Release|x64.ActiveCfg = Release|Any CPU
		{7A533156-7579-4F54-BDAD-DA1A829B6CCF}.Release|x64.Build.0 = Release|Any CPU
		{7A533156-7579-4F54-BDAD-DA1A829B6CCF}.Release|x86.ActiveCfg = Release|Any CPU
		{7A533156-7579-4F54-BDAD-DA1A829B6CCF}.Release|x86.Build.0 = Release|Any CPU
		{FA55989D-27B7-4EBA-A8BE-178AE4EA97CB}.Debug|Any CPU.ActiveCfg = Debug|x86
		{FA55989D-27B7-4EBA-A8BE-178AE4EA97CB}.Debug|ARM.ActiveCfg = Debug|ARM
		{FA55989D-27B7-4EBA-A8BE-178AE4EA97CB}.Debug|ARM.Build.0 = Debug|ARM
		{FA55989D-27B7-4EBA-A8BE-178AE4EA97CB}.Debug|ARM.Deploy.0 = Debug|ARM
		{FA55989D-27B7-4EBA-A8BE-178AE4EA97CB}.Debug|ARM64.ActiveCfg = Debug|ARM64
		{FA55989D-27B7-4EBA-A8BE-178AE4EA97CB}.Debug|ARM64.Build.0 = Debug|ARM64
		{FA55989D-27B7-4EBA-A8BE-178AE4EA97CB}.Debug|ARM64.Deploy.0 = Debug|ARM64
		{FA55989D-27B7-4EBA-A8BE-178AE4EA97CB}.Debug|iPhone.ActiveCfg = Debug|x86
		{FA55989D-27B7-4EBA-A8BE-178AE4EA97CB}.Debug|iPhoneSimulator.ActiveCfg = Debug|x86
		{FA55989D-27B7-4EBA-A8BE-178AE4EA97CB}.Debug|x64.ActiveCfg = Debug|x64
		{FA55989D-27B7-4EBA-A8BE-178AE4EA97CB}.Debug|x64.Build.0 = Debug|x64
		{FA55989D-27B7-4EBA-A8BE-178AE4EA97CB}.Debug|x64.Deploy.0 = Debug|x64
		{FA55989D-27B7-4EBA-A8BE-178AE4EA97CB}.Debug|x86.ActiveCfg = Debug|x86
		{FA55989D-27B7-4EBA-A8BE-178AE4EA97CB}.Debug|x86.Build.0 = Debug|x86
		{FA55989D-27B7-4EBA-A8BE-178AE4EA97CB}.Debug|x86.Deploy.0 = Debug|x86
		{FA55989D-27B7-4EBA-A8BE-178AE4EA97CB}.Release|Any CPU.ActiveCfg = Release|x86
		{FA55989D-27B7-4EBA-A8BE-178AE4EA97CB}.Release|ARM.ActiveCfg = Release|ARM
		{FA55989D-27B7-4EBA-A8BE-178AE4EA97CB}.Release|ARM.Build.0 = Release|ARM
		{FA55989D-27B7-4EBA-A8BE-178AE4EA97CB}.Release|ARM.Deploy.0 = Release|ARM
		{FA55989D-27B7-4EBA-A8BE-178AE4EA97CB}.Release|ARM64.ActiveCfg = Release|ARM64
		{FA55989D-27B7-4EBA-A8BE-178AE4EA97CB}.Release|ARM64.Build.0 = Release|ARM64
		{FA55989D-27B7-4EBA-A8BE-178AE4EA97CB}.Release|ARM64.Deploy.0 = Release|ARM64
		{FA55989D-27B7-4EBA-A8BE-178AE4EA97CB}.Release|iPhone.ActiveCfg = Release|x86
		{FA55989D-27B7-4EBA-A8BE-178AE4EA97CB}.Release|iPhoneSimulator.ActiveCfg = Release|x86
		{FA55989D-27B7-4EBA-A8BE-178AE4EA97CB}.Release|x64.ActiveCfg = Release|x64
		{FA55989D-27B7-4EBA-A8BE-178AE4EA97CB}.Release|x64.Build.0 = Release|x64
		{FA55989D-27B7-4EBA-A8BE-178AE4EA97CB}.Release|x64.Deploy.0 = Release|x64
		{FA55989D-27B7-4EBA-A8BE-178AE4EA97CB}.Release|x86.ActiveCfg = Release|x86
		{FA55989D-27B7-4EBA-A8BE-178AE4EA97CB}.Release|x86.Build.0 = Release|x86
		{FA55989D-27B7-4EBA-A8BE-178AE4EA97CB}.Release|x86.Deploy.0 = Release|x86
	EndGlobalSection
	GlobalSection(SolutionProperties) = preSolution
		HideSolutionNode = FALSE
	EndGlobalSection
	GlobalSection(NestedProjects) = preSolution
		{415A461C-6F6E-4A05-AD90-9C205123DD6C} = {15D549BD-15BC-4B46-8777-A56DB8B5710E}
		{BC4BD420-D96F-41A0-A7AB-09A0E8BDA0BB} = {15D549BD-15BC-4B46-8777-A56DB8B5710E}
		{45686C02-F2C7-4AD0-8261-0988AC4F5808} = {2203346F-2CDC-4DD3-9DD1-DD869FF41E8D}
		{4407754F-24E5-4597-96D3-27702F18340C} = {2203346F-2CDC-4DD3-9DD1-DD869FF41E8D}
		{7A533156-7579-4F54-BDAD-DA1A829B6CCF} = {2203346F-2CDC-4DD3-9DD1-DD869FF41E8D}
		{FA55989D-27B7-4EBA-A8BE-178AE4EA97CB} = {2203346F-2CDC-4DD3-9DD1-DD869FF41E8D}
	EndGlobalSection
	GlobalSection(ExtensibilityGlobals) = postSolution
		SolutionGuid = {C484DC60-B89A-4EB5-98D4-CAFAE6AFF96E}
	EndGlobalSection
EndGlobal
