
Microsoft Visual Studio Solution File, Format Version 12.00
# Visual Studio Version 16
VisualStudioVersion = 16.0.30717.126
MinimumVisualStudioVersion = 15.0.26124.0
Project("{9A19103F-16F7-4668-BE54-9A1E7A4F7556}") = "ShopAcross.Web.Repository", "ShopAcross.Web.Repository\ShopAcross.Web.Repository.csproj", "{C4AC20AE-1337-4965-9C17-7DF9BCE6399D}"
EndProject
Project("{9A19103F-16F7-4668-BE54-9A1E7A4F7556}") = "ShopAcross.Web.Repository.Cosmos", "ShopAcross.Web.Repository.Cosmos\ShopAcross.Web.Repository.Cosmos.csproj", "{C6102FFD-88AC-4D15-9914-C990813C6773}"
EndProject
Global
	GlobalSection(SolutionConfigurationPlatforms) = preSolution
		Debug|Any CPU = Debug|Any CPU
		Debug|x64 = Debug|x64
		Debug|x86 = Debug|x86
		Release|Any CPU = Release|Any CPU
		Release|x64 = Release|x64
		Release|x86 = Release|x86
	EndGlobalSection
	GlobalSection(ProjectConfigurationPlatforms) = postSolution
		{C4AC20AE-1337-4965-9C17-7DF9BCE6399D}.Debug|Any CPU.ActiveCfg = Debug|Any CPU
		{C4AC20AE-1337-4965-9C17-7DF9BCE6399D}.Debug|Any CPU.Build.0 = Debug|Any CPU
		{C4AC20AE-1337-4965-9C17-7DF9BCE6399D}.Debug|x64.ActiveCfg = Debug|Any CPU
		{C4AC20AE-1337-4965-9C17-7DF9BCE6399D}.Debug|x64.Build.0 = Debug|Any CPU
		{C4AC20AE-1337-4965-9C17-7DF9BCE6399D}.Debug|x86.ActiveCfg = Debug|Any CPU
		{C4AC20AE-1337-4965-9C17-7DF9BCE6399D}.Debug|x86.Build.0 = Debug|Any CPU
		{C4AC20AE-1337-4965-9C17-7DF9BCE6399D}.Release|Any CPU.ActiveCfg = Release|Any CPU
		{C4AC20AE-1337-4965-9C17-7DF9BCE6399D}.Release|Any CPU.Build.0 = Release|Any CPU
		{C4AC20AE-1337-4965-9C17-7DF9BCE6399D}.Release|x64.ActiveCfg = Release|Any CPU
		{C4AC20AE-1337-4965-9C17-7DF9BCE6399D}.Release|x64.Build.0 = Release|Any CPU
		{C4AC20AE-1337-4965-9C17-7DF9BCE6399D}.Release|x86.ActiveCfg = Release|Any CPU
		{C4AC20AE-1337-4965-9C17-7DF9BCE6399D}.Release|x86.Build.0 = Release|Any CPU
		{C6102FFD-88AC-4D15-9914-C990813C6773}.Debug|Any CPU.ActiveCfg = Debug|Any CPU
		{C6102FFD-88AC-4D15-9914-C990813C6773}.Debug|Any CPU.Build.0 = Debug|Any CPU
		{C6102FFD-88AC-4D15-9914-C990813C6773}.Debug|x64.ActiveCfg = Debug|Any CPU
		{C6102FFD-88AC-4D15-9914-C990813C6773}.Debug|x64.Build.0 = Debug|Any CPU
		{C6102FFD-88AC-4D15-9914-C990813C6773}.Debug|x86.ActiveCfg = Debug|Any CPU
		{C6102FFD-88AC-4D15-9914-C990813C6773}.Debug|x86.Build.0 = Debug|Any CPU
		{C6102FFD-88AC-4D15-9914-C990813C6773}.Release|Any CPU.ActiveCfg = Release|Any CPU
		{C6102FFD-88AC-4D15-9914-C990813C6773}.Release|Any CPU.Build.0 = Release|Any CPU
		{C6102FFD-88AC-4D15-9914-C990813C6773}.Release|x64.ActiveCfg = Release|Any CPU
		{C6102FFD-88AC-4D15-9914-C990813C6773}.Release|x64.Build.0 = Release|Any CPU
		{C6102FFD-88AC-4D15-9914-C990813C6773}.Release|x86.ActiveCfg = Release|Any CPU
		{C6102FFD-88AC-4D15-9914-C990813C6773}.Release|x86.Build.0 = Release|Any CPU
	EndGlobalSection
	GlobalSection(SolutionProperties) = preSolution
		HideSolutionNode = FALSE
	EndGlobalSection
	GlobalSection(ExtensibilityGlobals) = postSolution
		SolutionGuid = {55E7494B-5C3E-46DE-AF17-1F1D93278C6B}
	EndGlobalSection
EndGlobal
